
Microsoft Visual Studio Solution File, Format Version 12.00
# Visual Studio Version 17
VisualStudioVersion = 17.12.35506.116 d17.12
MinimumVisualStudioVersion = 10.0.40219.1
Project("{FAE04EC0-301F-11D3-BF4B-00C04F79EFBC}") = "15.1HW", "15.1HW\15.1HW.csproj", "{DFA031BF-DA7E-4EAC-8400-13E37954369C}"
EndProject
Global
	GlobalSection(SolutionConfigurationPlatforms) = preSolution
		Debug|Any CPU = Debug|Any CPU
		Release|Any CPU = Release|Any CPU
	EndGlobalSection
	GlobalSection(ProjectConfigurationPlatforms) = postSolution
		{DFA031BF-DA7E-4EAC-8400-13E37954369C}.Debug|Any CPU.ActiveCfg = Debug|Any CPU
		{DFA031BF-DA7E-4EAC-8400-13E37954369C}.Debug|Any CPU.Build.0 = Debug|Any CPU
		{DFA031BF-DA7E-4EAC-8400-13E37954369C}.Release|Any CPU.ActiveCfg = Release|Any CPU
		{DFA031BF-DA7E-4EAC-8400-13E37954369C}.Release|Any CPU.Build.0 = Release|Any CPU
	EndGlobalSection
	GlobalSection(SolutionProperties) = preSolution
		HideSolutionNode = FALSE
	EndGlobalSection
EndGlobal
